
Microsoft Visual Studio Solution File, Format Version 12.00
# Visual Studio Version 17
VisualStudioVersion = 17.13.35617.110 d17.13
MinimumVisualStudioVersion = 10.0.40219.1
Project("{FAE04EC0-301F-11D3-BF4B-00C04F79EFBC}") = "ASPNETCoreIdentityDemo", "ASPNETCoreIdentityDemo\ASPNETCoreIdentityDemo.csproj", "{832AA772-697D-4826-B18C-6D3573A11A31}"
EndProject
Project("{FAE04EC0-301F-11D3-BF4B-00C04F79EFBC}") = "ASPNETCoreIdentityDemo-Infrastructure", "Infrastracture-Asp.Net-Identity\ASPNETCoreIdentityDemo-Infrastructure.csproj", "{1A354C0F-0708-4FA7-B783-70B4DC92C2E7}"
EndProject
Project("{FAE04EC0-301F-11D3-BF4B-00C04F79EFBC}") = "ASPNETCoreIdentityDemo-Domain", "Domain-AspNet-Identity\ASPNETCoreIdentityDemo-Domain.csproj", "{0A871A44-6944-40A5-BAF3-4FCFD2C4565F}"
EndProject
Project("{FAE04EC0-301F-11D3-BF4B-00C04F79EFBC}") = "ASPNETCoreIdentityDemo-Application", "ASPNETCoreIdentityDemo-Application\ASPNETCoreIdentityDemo-Application.csproj", "{F4A046D8-3AB8-422A-9C3E-0827C0CCF807}"
EndProject
Project("{FAE04EC0-301F-11D3-BF4B-00C04F79EFBC}") = "ASPNETCoreIdentityDemo-Test", "ASPNETCoreIdentityDemo-Test\ASPNETCoreIdentityDemo-Test.csproj", "{12EEA895-829D-4ADF-9D25-9F4144A37D07}"
EndProject
Global
	GlobalSection(SolutionConfigurationPlatforms) = preSolution
		Debug|Any CPU = Debug|Any CPU
		Release|Any CPU = Release|Any CPU
	EndGlobalSection
	GlobalSection(ProjectConfigurationPlatforms) = postSolution
		{832AA772-697D-4826-B18C-6D3573A11A31}.Debug|Any CPU.ActiveCfg = Debug|Any CPU
		{832AA772-697D-4826-B18C-6D3573A11A31}.Debug|Any CPU.Build.0 = Debug|Any CPU
		{832AA772-697D-4826-B18C-6D3573A11A31}.Release|Any CPU.ActiveCfg = Release|Any CPU
		{832AA772-697D-4826-B18C-6D3573A11A31}.Release|Any CPU.Build.0 = Release|Any CPU
		{1A354C0F-0708-4FA7-B783-70B4DC92C2E7}.Debug|Any CPU.ActiveCfg = Debug|Any CPU
		{1A354C0F-0708-4FA7-B783-70B4DC92C2E7}.Debug|Any CPU.Build.0 = Debug|Any CPU
		{1A354C0F-0708-4FA7-B783-70B4DC92C2E7}.Release|Any CPU.ActiveCfg = Release|Any CPU
		{1A354C0F-0708-4FA7-B783-70B4DC92C2E7}.Release|Any CPU.Build.0 = Release|Any CPU
		{0A871A44-6944-40A5-BAF3-4FCFD2C4565F}.Debug|Any CPU.ActiveCfg = Debug|Any CPU
		{0A871A44-6944-40A5-BAF3-4FCFD2C4565F}.Debug|Any CPU.Build.0 = Debug|Any CPU
		{0A871A44-6944-40A5-BAF3-4FCFD2C4565F}.Release|Any CPU.ActiveCfg = Release|Any CPU
		{0A871A44-6944-40A5-BAF3-4FCFD2C4565F}.Release|Any CPU.Build.0 = Release|Any CPU
		{F4A046D8-3AB8-422A-9C3E-0827C0CCF807}.Debug|Any CPU.ActiveCfg = Debug|Any CPU
		{F4A046D8-3AB8-422A-9C3E-0827C0CCF807}.Debug|Any CPU.Build.0 = Debug|Any CPU
		{F4A046D8-3AB8-422A-9C3E-0827C0CCF807}.Release|Any CPU.ActiveCfg = Release|Any CPU
		{F4A046D8-3AB8-422A-9C3E-0827C0CCF807}.Release|Any CPU.Build.0 = Release|Any CPU
		{12EEA895-829D-4ADF-9D25-9F4144A37D07}.Debug|Any CPU.ActiveCfg = Debug|Any CPU
		{12EEA895-829D-4ADF-9D25-9F4144A37D07}.Debug|Any CPU.Build.0 = Debug|Any CPU
		{12EEA895-829D-4ADF-9D25-9F4144A37D07}.Release|Any CPU.ActiveCfg = Release|Any CPU
		{12EEA895-829D-4ADF-9D25-9F4144A37D07}.Release|Any CPU.Build.0 = Release|Any CPU
	EndGlobalSection
	GlobalSection(SolutionProperties) = preSolution
		HideSolutionNode = FALSE
	EndGlobalSection
	GlobalSection(ExtensibilityGlobals) = postSolution
		SolutionGuid = {F8A1FFD8-8510-4673-BA02-28330B202351}
	EndGlobalSection
EndGlobal
